{"argv": ["/Volumes/external/sources/cppmega.mlx/scripts/nanochat_data/extract_git_history.py", "--repo", "/Volumes/external/sources/cppmega.mlx/outputs/conveyor/tmp/streaming_conveyor_zjvfw_fs/intel-llvm-dpcpp/_src", "--output", "/Volumes/external/sources/cppmega.mlx/outputs/conveyor/extract_cache/intel-llvm-dpcpp/intel-llvm-dpcpp_commits.jsonl", "--max_commits", "0"], "created_at": "2026-07-02T16:20:15", "output": "/Volumes/external/sources/cppmega.mlx/outputs/conveyor/extract_cache/intel-llvm-dpcpp/intel-llvm-dpcpp_commits.jsonl", "pid": 61561, "ppid": 70359}
