{"argv": ["/Volumes/external/sources/cppmega.mlx/scripts/nanochat_data/extract_git_history.py", "--repo", "/Volumes/external/sources/cppmega.mlx/outputs/conveyor/tmp/streaming_conveyor_zjvfw_fs/kodi/_src", "--output", "/Volumes/external/sources/cppmega.mlx/outputs/conveyor/extract_cache/kodi/kodi_commits.jsonl", "--max_commits", "0"], "created_at": "2026-07-02T14:55:40", "output": "/Volumes/external/sources/cppmega.mlx/outputs/conveyor/extract_cache/kodi/kodi_commits.jsonl", "pid": 44694, "ppid": 70359}
