{"argv": ["/Volumes/external/sources/cppmega.mlx/scripts/nanochat_data/extract_git_history.py", "--repo", "/Volumes/external/sources/cppmega.mlx/outputs/conveyor/tmp/streaming_conveyor_zjvfw_fs/src/_src", "--output", "/Volumes/external/sources/cppmega.mlx/outputs/conveyor/extract_cache/src/src_commits.jsonl", "--max_commits", "0"], "created_at": "2026-07-02T09:05:38", "output": "/Volumes/external/sources/cppmega.mlx/outputs/conveyor/extract_cache/src/src_commits.jsonl", "pid": 96520, "ppid": 70359}
